PODS:
  - Expecta (1.0.5)
  - Google-Mobile-Ads-SDK (7.17.0)
  - InMobiSDK (6.0.1)
  - Specta (1.0.6)
  - YumiMediationAdapters (0.4.2):
    - YumiMediationAdapters/AdMob (= 0.4.2)
    - YumiMediationAdapters/InMobi (= 0.4.2)
    - YumiMediationSDK (~> 0.6.6)
  - YumiMediationAdapters/AdMob (0.4.2):
    - Google-Mobile-Ads-SDK (~> 7.0)
    - YumiMediationSDK (~> 0.6.6)
  - YumiMediationAdapters/InMobi (0.4.2):
    - InMobiSDK (~> 6.0.0)
    - YumiMediationSDK (~> 0.6.6)
  - YumiMediationSDK (0.6.6)

DEPENDENCIES:
  - Expecta
  - Specta
  - YumiMediationAdapters (from `../`)

EXTERNAL SOURCES:
  YumiMediationAdapters:
    :path: "../"

SPEC CHECKSUMS:
  Expecta: e1c022fcd33910b6be89c291d2775b3fe27a89fe
  Google-Mobile-Ads-SDK: a8bf4211624999b73e4184be516f94770b139525
  InMobiSDK: f3ad134f9e16766829761de56aef48ff9458a1df
  Specta: f506f3a8361de16bc0dcf3b17b75e269072ba465
  YumiMediationAdapters: 3d9bff50b781862544e14a82d82cd639ecee0566
  YumiMediationSDK: 9cf0429292745cdab812a2ddb6650e628e9e3069

PODFILE CHECKSUM: 8657346519ec47bba6db6701018223f6bf7f2340

COCOAPODS: 1.2.0
