PODS:
  - Expecta (1.0.5)
  - Specta (1.0.5)
  - YumiMediationAdapters (0.1.0)

DEPENDENCIES:
  - Expecta
  - Specta
  - YumiMediationAdapters (from `../`)

EXTERNAL SOURCES:
  YumiMediationAdapters:
    :path: "../"

SPEC CHECKSUMS:
  Expecta: e1c022fcd33910b6be89c291d2775b3fe27a89fe
  Specta: ac94d110b865115fe60ff2c6d7281053c6f8e8a2
  YumiMediationAdapters: ca255a369885aab65570292e53942aa950334838

PODFILE CHECKSUM: fe003979abd6d3511e53dd82b2a81152dbb72ff7

COCOAPODS: 1.1.1
